{
  "name": "rvf-architecture",
  "lockfileVersion": 3,
  "requires": true,
  "packages": {
    "": {
      "dependencies": {
        "@bytescale/upload-widget-react": "^4.12.0",
        "primereact": "^10.0.9"
      }
    },
    "node_modules/@babel/runtime": {
      "version": "7.23.2",
      "resolved": "https://registry.npmjs.org/@babel/runtime/-/runtime-7.23.2.tgz",
      "integrity": "sha512-mM8eg4yl5D6i3lu2QKPuPH4FArvJ8KhTofbE7jwMUv9KX5mBvwPAqnV3MlyBNqdp9RyRKP6Yck8TrfYrPvX3bg==",
      "dependencies": {
        "regenerator-runtime": "^0.14.0"
      },
      "engines": {
        "node": ">=6.9.0"
      }
    },
    "node_modules/@bytescale/sdk": {
      "version": "3.10.0",
      "resolved": "https://registry.npmjs.org/@bytescale/sdk/-/sdk-3.10.0.tgz",
      "integrity": "sha512-aDdMh0vGJmb2QX1M4DOcVl/9LB1Zzb1C5wCVH1bGM3jgyhZYhrLIk8xcswhSnT8ohVnSVgt1Z56zuLkNWM6dEw=="
    },
    "node_modules/@bytescale/upload-widget": {
      "version": "4.17.0",
      "resolved": "https://registry.npmjs.org/@bytescale/upload-widget/-/upload-widget-4.17.0.tgz",
      "integrity": "sha512-BHEBMZuNK6IiTelg3FKZrcbQmWH8rrmfN17l3wvGm1hA2azjwkGZV0UjisBTE5KO6ktgxnXEVttAKcVs64Fejw==",
      "dependencies": {
        "@bytescale/sdk": "^3.10.0",
        "classnames": "^2.2.6",
        "preact": "^10.6.5"
      }
    },
    "node_modules/@bytescale/upload-widget-react": {
      "version": "4.12.0",
      "resolved": "https://registry.npmjs.org/@bytescale/upload-widget-react/-/upload-widget-react-4.12.0.tgz",
      "integrity": "sha512-TmOBQfzBpfmyOfw0Fs7Y7XpbQK6vCAcPLvFUdQYlWPprXgwBYITo2PK0tVTP32QRQTxfq0+mFOvNstoIHP47bQ==",
      "dependencies": {
        "@bytescale/upload-widget": "^4.17.0",
        "lodash.isequal": "^4.5.0"
      },
      "peerDependencies": {
        "react": ">=16.3.0"
      }
    },
    "node_modules/@types/prop-types": {
      "version": "15.7.10",
      "resolved": "https://registry.npmjs.org/@types/prop-types/-/prop-types-15.7.10.tgz",
      "integrity": "sha512-mxSnDQxPqsZxmeShFH+uwQ4kO4gcJcGahjjMFeLbKE95IAZiiZyiEepGZjtXJ7hN/yfu0bu9xN2ajcU0JcxX6A=="
    },
    "node_modules/@types/react": {
      "version": "18.2.37",
      "resolved": "https://registry.npmjs.org/@types/react/-/react-18.2.37.tgz",
      "integrity": "sha512-RGAYMi2bhRgEXT3f4B92WTohopH6bIXw05FuGlmJEnv/omEn190+QYEIYxIAuIBdKgboYYdVved2p1AxZVQnaw==",
      "dependencies": {
        "@types/prop-types": "*",
        "@types/scheduler": "*",
        "csstype": "^3.0.2"
      }
    },
    "node_modules/@types/react-transition-group": {
      "version": "4.4.9",
      "resolved": "https://registry.npmjs.org/@types/react-transition-group/-/react-transition-group-4.4.9.tgz",
      "integrity": "sha512-ZVNmWumUIh5NhH8aMD9CR2hdW0fNuYInlocZHaZ+dgk/1K49j1w/HoAuK1ki+pgscQrOFRTlXeoURtuzEkV3dg==",
      "dependencies": {
        "@types/react": "*"
      }
    },
    "node_modules/@types/scheduler": {
      "version": "0.16.6",
      "resolved": "https://registry.npmjs.org/@types/scheduler/-/scheduler-0.16.6.tgz",
      "integrity": "sha512-Vlktnchmkylvc9SnwwwozTv04L/e1NykF5vgoQ0XTmI8DD+wxfjQuHuvHS3p0r2jz2x2ghPs2h1FVeDirIteWA=="
    },
    "node_modules/classnames": {
      "version": "2.3.2",
      "resolved": "https://registry.npmjs.org/classnames/-/classnames-2.3.2.tgz",
      "integrity": "sha512-CSbhY4cFEJRe6/GQzIk5qXZ4Jeg5pcsP7b5peFSDpffpe1cqjASH/n9UTjBwOp6XpMSTwQ8Za2K5V02ueA7Tmw=="
    },
    "node_modules/csstype": {
      "version": "3.1.2",
      "resolved": "https://registry.npmjs.org/csstype/-/csstype-3.1.2.tgz",
      "integrity": "sha512-I7K1Uu0MBPzaFKg4nI5Q7Vs2t+3gWWW648spaF+Rg7pI9ds18Ugn+lvg4SHczUdKlHI5LWBXyqfS8+DufyBsgQ=="
    },
    "node_modules/dom-helpers": {
      "version": "5.2.1",
      "resolved": "https://registry.npmjs.org/dom-helpers/-/dom-helpers-5.2.1.tgz",
      "integrity": "sha512-nRCa7CK3VTrM2NmGkIy4cbK7IZlgBE/PYMn55rrXefr5xXDP0LdtfPnblFDoVdcAfslJ7or6iqAUnx0CCGIWQA==",
      "dependencies": {
        "@babel/runtime": "^7.8.7",
        "csstype": "^3.0.2"
      }
    },
    "node_modules/js-tokens": {
      "version": "4.0.0",
      "resolved": "https://registry.npmjs.org/js-tokens/-/js-tokens-4.0.0.tgz",
      "integrity": "sha512-RdJUflcE3cUzKiMqQgsCu06FPu9UdIJO0beYbPhHN4k6apgJtifcoCtT9bcxOpYBtpD2kCM6Sbzg4CausW/PKQ=="
    },
    "node_modules/lodash.isequal": {
      "version": "4.5.0",
      "resolved": "https://registry.npmjs.org/lodash.isequal/-/lodash.isequal-4.5.0.tgz",
      "integrity": "sha512-pDo3lu8Jhfjqls6GkMgpahsF9kCyayhgykjyLMNFTKWrpVdAQtYyB4muAMWozBB4ig/dtWAmsMxLEI8wuz+DYQ=="
    },
    "node_modules/loose-envify": {
      "version": "1.4.0",
      "resolved": "https://registry.npmjs.org/loose-envify/-/loose-envify-1.4.0.tgz",
      "integrity": "sha512-lyuxPGr/Wfhrlem2CL/UcnUc1zcqKAImBDzukY7Y5F/yQiNdko6+fRLevlw1HgMySw7f611UIY408EtxRSoK3Q==",
      "dependencies": {
        "js-tokens": "^3.0.0 || ^4.0.0"
      },
      "bin": {
        "loose-envify": "cli.js"
      }
    },
    "node_modules/object-assign": {
      "version": "4.1.1",
      "resolved": "https://registry.npmjs.org/object-assign/-/object-assign-4.1.1.tgz",
      "integrity": "sha512-rJgTQnkUnH1sFw8yT6VSU3zD3sWmu6sZhIseY8VX+GRu3P6F7Fu+JNDoXfklElbLJSnc3FUQHVe4cU5hj+BcUg==",
      "engines": {
        "node": ">=0.10.0"
      }
    },
    "node_modules/preact": {
      "version": "10.19.1",
      "resolved": "https://registry.npmjs.org/preact/-/preact-10.19.1.tgz",
      "integrity": "sha512-ZSsUr6EFlwWH0btdXMj6+X+hJAZ1v+aUzKlfwBGokKB1ZO6Shz+D16LxQhM8f+E/UgkKbVe2tsWXtGTUMCkGpQ==",
      "funding": {
        "type": "opencollective",
        "url": "https://opencollective.com/preact"
      }
    },
    "node_modules/primereact": {
      "version": "10.0.9",
      "resolved": "https://registry.npmjs.org/primereact/-/primereact-10.0.9.tgz",
      "integrity": "sha512-5hjCY0gVJkAhmxRkME8GCZPl0TpUMsjtrwYwxkRJlchu5oH8XaRQKbKmnehmNmiP59cmphaXVkL8vei19O9+PQ==",
      "dependencies": {
        "@types/react-transition-group": "^4.4.1",
        "react-transition-group": "^4.4.1"
      },
      "peerDependencies": {
        "@types/react": "^17.0.0 || ^18.0.0",
        "react": "^17.0.0 || ^18.0.0",
        "react-dom": "^17.0.0 || ^18.0.0"
      },
      "peerDependenciesMeta": {
        "@types/react": {
          "optional": true
        }
      }
    },
    "node_modules/prop-types": {
      "version": "15.8.1",
      "resolved": "https://registry.npmjs.org/prop-types/-/prop-types-15.8.1.tgz",
      "integrity": "sha512-oj87CgZICdulUohogVAR7AjlC0327U4el4L6eAvOqCeudMDVU0NThNaV+b9Df4dXgSP1gXMTnPdhfe/2qDH5cg==",
      "dependencies": {
        "loose-envify": "^1.4.0",
        "object-assign": "^4.1.1",
        "react-is": "^16.13.1"
      }
    },
    "node_modules/react": {
      "version": "18.2.0",
      "resolved": "https://registry.npmjs.org/react/-/react-18.2.0.tgz",
      "integrity": "sha512-/3IjMdb2L9QbBdWiW5e3P2/npwMBaU9mHCSCUzNln0ZCYbcfTsGbTJrU/kGemdH2IWmB2ioZ+zkxtmq6g09fGQ==",
      "peer": true,
      "dependencies": {
        "loose-envify": "^1.1.0"
      },
      "engines": {
        "node": ">=0.10.0"
      }
    },
    "node_modules/react-dom": {
      "version": "18.2.0",
      "resolved": "https://registry.npmjs.org/react-dom/-/react-dom-18.2.0.tgz",
      "integrity": "sha512-6IMTriUmvsjHUjNtEDudZfuDQUoWXVxKHhlEGSk81n4YFS+r/Kl99wXiwlVXtPBtJenozv2P+hxDsw9eA7Xo6g==",
      "peer": true,
      "dependencies": {
        "loose-envify": "^1.1.0",
        "scheduler": "^0.23.0"
      },
      "peerDependencies": {
        "react": "^18.2.0"
      }
    },
    "node_modules/react-is": {
      "version": "16.13.1",
      "resolved": "https://registry.npmjs.org/react-is/-/react-is-16.13.1.tgz",
      "integrity": "sha512-24e6ynE2H+OKt4kqsOvNd8kBpV65zoxbA4BVsEOB3ARVWQki/DHzaUoC5KuON/BiccDaCCTZBuOcfZs70kR8bQ=="
    },
    "node_modules/react-transition-group": {
      "version": "4.4.5",
      "resolved": "https://registry.npmjs.org/react-transition-group/-/react-transition-group-4.4.5.tgz",
      "integrity": "sha512-pZcd1MCJoiKiBR2NRxeCRg13uCXbydPnmB4EOeRrY7480qNWO8IIgQG6zlDkm6uRMsURXPuKq0GWtiM59a5Q6g==",
      "dependencies": {
        "@babel/runtime": "^7.5.5",
        "dom-helpers": "^5.0.1",
        "loose-envify": "^1.4.0",
        "prop-types": "^15.6.2"
      },
      "peerDependencies": {
        "react": ">=16.6.0",
        "react-dom": ">=16.6.0"
      }
    },
    "node_modules/regenerator-runtime": {
      "version": "0.14.0",
      "resolved": "https://registry.npmjs.org/regenerator-runtime/-/regenerator-runtime-0.14.0.tgz",
      "integrity": "sha512-srw17NI0TUWHuGa5CFGGmhfNIeja30WMBfbslPNhf6JrqQlLN5gcrvig1oqPxiVaXb0oW0XRKtH6Nngs5lKCIA=="
    },
    "node_modules/scheduler": {
      "version": "0.23.0",
      "resolved": "https://registry.npmjs.org/scheduler/-/scheduler-0.23.0.tgz",
      "integrity": "sha512-CtuThmgHNg7zIZWAXi3AsyIzA3n4xx7aNyjwC2VJldO2LMVDhFK+63xGqq6CsJH4rTAt6/M+N4GhZiDYPx9eUw==",
      "peer": true,
      "dependencies": {
        "loose-envify": "^1.1.0"
      }
    }
  }
}
